github.com/jessevdk/go-flags v1.4.0/go.mod h1:4FA24M0QyGHXBuZZK/XkWh8h0e1EYbRYJSGM75WSRxI=
github.com/lestrrat-go/server-starter v0.0.0-20210101230921-50cd1900b5bc h1:W0UVLQhE9AF0AzvKF6yTAfSrxsy8uEjo9/3ovhbiZuQ=
github.com/lestrrat-go/server-starter v0.0.0-20210101230921-50cd1900b5bc/go.mod h1:qQfAJDHk9SgqMVIm+tnwzcUqjRVAEDWY++dN1PXV3vw=
